
Microsoft Visual Studio Solution File, Format Version 12.00
# Visual Studio Version 17
VisualStudioVersion = 17.2.32210.308
MinimumVisualStudioVersion = 10.0.40219.1
Project("{9A19103F-16F7-4668-BE54-9A1E7A4F7556}") = "WhatTheHellDidIRoll", "WhatTheHellDidIRoll\WhatTheHellDidIRoll.csproj", "{59718114-505E-4831-B770-2BA354328676}"
EndProject
Project("{9A19103F-16F7-4668-BE54-9A1E7A4F7556}") = "WhatTheHellDidIRoll.Lib", "WhatTheHellDidIRoll.Lib\WhatTheHellDidIRoll.Lib.csproj", "{7EAC411B-4514-4524-8632-F32D636761B9}"
EndProject
Project("{9A19103F-16F7-4668-BE54-9A1E7A4F7556}") = "WhatTheHellDidIRoll.Tests", "WhatTheHellDidIRoll.Tests\WhatTheHellDidIRoll.Tests.csproj", "{59EF38B1-1C14-4BE6-821A-0F65B1704522}"
EndProject
Global
	GlobalSection(SolutionConfigurationPlatforms) = preSolution
		Debug|Any CPU = Debug|Any CPU
		Release|Any CPU = Release|Any CPU
	EndGlobalSection
	GlobalSection(ProjectConfigurationPlatforms) = postSolution
		{59718114-505E-4831-B770-2BA354328676}.Debug|Any CPU.ActiveCfg = Debug|Any CPU
		{59718114-505E-4831-B770-2BA354328676}.Debug|Any CPU.Build.0 = Debug|Any CPU
		{59718114-505E-4831-B770-2BA354328676}.Release|Any CPU.ActiveCfg = Release|Any CPU
		{59718114-505E-4831-B770-2BA354328676}.Release|Any CPU.Build.0 = Release|Any CPU
		{7EAC411B-4514-4524-8632-F32D636761B9}.Debug|Any CPU.ActiveCfg = Debug|Any CPU
		{7EAC411B-4514-4524-8632-F32D636761B9}.Debug|Any CPU.Build.0 = Debug|Any CPU
		{7EAC411B-4514-4524-8632-F32D636761B9}.Release|Any CPU.ActiveCfg = Release|Any CPU
		{7EAC411B-4514-4524-8632-F32D636761B9}.Release|Any CPU.Build.0 = Release|Any CPU
		{59EF38B1-1C14-4BE6-821A-0F65B1704522}.Debug|Any CPU.ActiveCfg = Debug|Any CPU
		{59EF38B1-1C14-4BE6-821A-0F65B1704522}.Debug|Any CPU.Build.0 = Debug|Any CPU
		{59EF38B1-1C14-4BE6-821A-0F65B1704522}.Release|Any CPU.ActiveCfg = Release|Any CPU
		{59EF38B1-1C14-4BE6-821A-0F65B1704522}.Release|Any CPU.Build.0 = Release|Any CPU
	EndGlobalSection
	GlobalSection(SolutionProperties) = preSolution
		HideSolutionNode = FALSE
	EndGlobalSection
	GlobalSection(ExtensibilityGlobals) = postSolution
		SolutionGuid = {EB2DA749-5AD0-44B0-AA03-889504DA3404}
	EndGlobalSection
EndGlobal
